
Microsoft Visual Studio Solution File, Format Version 12.00
# Visual Studio Version 16
VisualStudioVersion = 16.0.31911.196
MinimumVisualStudioVersion = 10.0.40219.1
Project("{9A19103F-16F7-4668-BE54-9A1E7A4F7556}") = "QApp.Qsharp", "QApp.Qsharp\QApp.Qsharp.csproj", "{E418C39D-7EF2-430B-BD20-00CB9581F277}"
EndProject
Project("{FAE04EC0-301F-11D3-BF4B-00C04F79EFBC}") = "Function.Csharp", "Function.Csharp\Function.Csharp.csproj", "{56B3F926-8D4E-4F61-A346-A9571D7D5E58}"
	ProjectSection(ProjectDependencies) = postProject
		{E418C39D-7EF2-430B-BD20-00CB9581F277} = {E418C39D-7EF2-430B-BD20-00CB9581F277}
	EndProjectSection
EndProject
Global
	GlobalSection(SolutionConfigurationPlatforms) = preSolution
		Debug|Any CPU = Debug|Any CPU
		Release|Any CPU = Release|Any CPU
	EndGlobalSection
	GlobalSection(ProjectConfigurationPlatforms) = postSolution
		{E418C39D-7EF2-430B-BD20-00CB9581F277}.Debug|Any CPU.ActiveCfg = Debug|Any CPU
		{E418C39D-7EF2-430B-BD20-00CB9581F277}.Debug|Any CPU.Build.0 = Debug|Any CPU
		{E418C39D-7EF2-430B-BD20-00CB9581F277}.Release|Any CPU.ActiveCfg = Release|Any CPU
		{E418C39D-7EF2-430B-BD20-00CB9581F277}.Release|Any CPU.Build.0 = Release|Any CPU
		{56B3F926-8D4E-4F61-A346-A9571D7D5E58}.Debug|Any CPU.ActiveCfg = Debug|Any CPU
		{56B3F926-8D4E-4F61-A346-A9571D7D5E58}.Debug|Any CPU.Build.0 = Debug|Any CPU
		{56B3F926-8D4E-4F61-A346-A9571D7D5E58}.Release|Any CPU.ActiveCfg = Release|Any CPU
		{56B3F926-8D4E-4F61-A346-A9571D7D5E58}.Release|Any CPU.Build.0 = Release|Any CPU
	EndGlobalSection
	GlobalSection(SolutionProperties) = preSolution
		HideSolutionNode = FALSE
	EndGlobalSection
	GlobalSection(ExtensibilityGlobals) = postSolution
		SolutionGuid = {F68A0FD3-1461-4815-B732-A279952B961E}
	EndGlobalSection
EndGlobal
